
Microsoft Visual Studio Solution File, Format Version 12.00
# Visual Studio Version 17
VisualStudioVersion = 17.2.32616.157
MinimumVisualStudioVersion = 10.0.40219.1
Project("{FAE04EC0-301F-11D3-BF4B-00C04F79EFBC}") = "Xpense App", "Xpense App\Xpense App.csproj", "{BCA62AB7-E7AF-49F0-9946-249C75CE4476}"
EndProject
Global
	GlobalSection(SolutionConfigurationPlatforms) = preSolution
		Debug|Any CPU = Debug|Any CPU
		Release|Any CPU = Release|Any CPU
	EndGlobalSection
	GlobalSection(ProjectConfigurationPlatforms) = postSolution
		{BCA62AB7-E7AF-49F0-9946-249C75CE4476}.Debug|Any CPU.ActiveCfg = Debug|Any CPU
		{BCA62AB7-E7AF-49F0-9946-249C75CE4476}.Debug|Any CPU.Build.0 = Debug|Any CPU
		{BCA62AB7-E7AF-49F0-9946-249C75CE4476}.Release|Any CPU.ActiveCfg = Release|Any CPU
		{BCA62AB7-E7AF-49F0-9946-249C75CE4476}.Release|Any CPU.Build.0 = Release|Any CPU
	EndGlobalSection
	GlobalSection(SolutionProperties) = preSolution
		HideSolutionNode = FALSE
	EndGlobalSection
	GlobalSection(ExtensibilityGlobals) = postSolution
		SolutionGuid = {BE90AC4D-243F-44F3-9FD6-FBF02F748C46}
	EndGlobalSection
EndGlobal
